<?xml version="1.0" encoding="utf-8"?>
<Project ToolsVersion="4.0" xmlns="http://schemas.microsoft.com/developer/msbuild/2003">
  <ItemGroup>
    <Filter Include="Framework">
      <UniqueIdentifier>{42c1d648-2b0a-4f55-b946-eef96a0a567f}</UniqueIdentifier>
    </Filter>
  </ItemGroup>
  <ItemGroup>
    <ClCompile Include="ClientResponder.cpp">
      <Filter>Framework</Filter>
    </ClCompile>
    <ClCompile Include="ClientSession.cpp">
      <Filter>Framework</Filter>
    </ClCompile>
    <ClCompile Include="GameServer.cpp">
      <Filter>Framework</Filter>
    </ClCompile>
    <ClCompile Include="main.cpp">
      <Filter>Framework</Filter>
    </ClCompile>
  </ItemGroup>
  <ItemGroup>
    <ClInclude Include="ClientResponder.hpp">
      <Filter>Framework</Filter>
    </ClInclude>
    <ClInclude Include="ClientSession.hpp">
      <Filter>Framework</Filter>
    </ClInclude>
    <ClInclude Include="GameServer.hpp">
      <Filter>Framework</Filter>
    </ClInclude>
  </ItemGroup>
</Project>