<?xml version="1.0" encoding="utf-8"?>
<Project ToolsVersion="4.0" xmlns="http://schemas.microsoft.com/developer/msbuild/2003">
  <ItemGroup>
    <Filter Include="Utility">
      <UniqueIdentifier>{0015057b-2d11-4506-8032-ae5c52982fd7}</UniqueIdentifier>
    </Filter>
    <Filter Include="Utility\main">
      <UniqueIdentifier>{e1660291-3b9a-454f-9e21-fd5d4f5e8b07}</UniqueIdentifier>
    </Filter>
    <Filter Include="Utility\com">
      <UniqueIdentifier>{0ba9b868-7a0a-4011-8d1d-d0079e64fce5}</UniqueIdentifier>
    </Filter>
    <Filter Include="Utility\db">
      <UniqueIdentifier>{af66f4fb-dc8b-4e80-8f51-d7390bd38963}</UniqueIdentifier>
    </Filter>
    <Filter Include="Utility\mem">
      <UniqueIdentifier>{2adbb573-6072-4a3b-8eae-8463d0060c9a}</UniqueIdentifier>
    </Filter>
    <Filter Include="Utility\msg">
      <UniqueIdentifier>{18ed98e2-f2be-4296-8aed-bbe19176367e}</UniqueIdentifier>
    </Filter>
    <Filter Include="Utility\net">
      <UniqueIdentifier>{c76167ef-a614-4f03-9271-dcab331ec1ab}</UniqueIdentifier>
    </Filter>
  </ItemGroup>
  <ItemGroup>
    <ClInclude Include="Utility\base_defines.hpp">
      <Filter>Utility</Filter>
    </ClInclude>
    <ClInclude Include="Utility\logger.hpp">
      <Filter>Utility</Filter>
    </ClInclude>
    <ClInclude Include="Utility\application.hpp">
      <Filter>Utility\main</Filter>
    </ClInclude>
    <ClInclude Include="Utility\com_guard.hpp">
      <Filter>Utility\com</Filter>
    </ClInclude>
    <ClInclude Include="Utility\com_hex_caster.hpp">
      <Filter>Utility\com</Filter>
    </ClInclude>
    <ClInclude Include="Utility\com_less.hpp">
      <Filter>Utility\com</Filter>
    </ClInclude>
    <ClInclude Include="Utility\com_md5.hpp">
      <Filter>Utility\com</Filter>
    </ClInclude>
    <ClInclude Include="Utility\com_numeric_digit.hpp">
      <Filter>Utility\com</Filter>
    </ClInclude>
    <ClInclude Include="Utility\com_protobuf.hpp">
      <Filter>Utility\com</Filter>
    </ClInclude>
    <ClInclude Include="Utility\com_random.hpp">
      <Filter>Utility\com</Filter>
    </ClInclude>
    <ClInclude Include="Utility\com_schedule.hpp">
      <Filter>Utility\com</Filter>
    </ClInclude>
    <ClInclude Include="Utility\com_service.hpp">
      <Filter>Utility\com</Filter>
    </ClInclude>
    <ClInclude Include="Utility\com_service_manager.hpp">
      <Filter>Utility\com</Filter>
    </ClInclude>
    <ClInclude Include="Utility\com_singleton.hpp">
      <Filter>Utility\com</Filter>
    </ClInclude>
    <ClInclude Include="Utility\com_thread_pool.hpp">
      <Filter>Utility\com</Filter>
    </ClInclude>
    <ClInclude Include="Utility\com_typename.hpp">
      <Filter>Utility\com</Filter>
    </ClInclude>
    <ClInclude Include="Utility\com_unique_code.hpp">
      <Filter>Utility\com</Filter>
    </ClInclude>
    <ClInclude Include="Utility\db_hiredis.hpp">
      <Filter>Utility\db</Filter>
    </ClInclude>
    <ClInclude Include="Utility\db_mysqlpp.hpp">
      <Filter>Utility\db</Filter>
    </ClInclude>
    <ClInclude Include="Utility\mem_buffer.hpp">
      <Filter>Utility\mem</Filter>
    </ClInclude>
    <ClInclude Include="Utility\mem_data_factory.hpp">
      <Filter>Utility\mem</Filter>
    </ClInclude>
    <ClInclude Include="Utility\mem_message.hpp">
      <Filter>Utility\mem</Filter>
    </ClInclude>
    <ClInclude Include="Utility\mem_rotative_buffer.hpp">
      <Filter>Utility\mem</Filter>
    </ClInclude>
    <ClInclude Include="Utility\mem_stream.hpp">
      <Filter>Utility\mem</Filter>
    </ClInclude>
    <ClInclude Include="Utility\mem_stream_buffer.hpp">
      <Filter>Utility\mem</Filter>
    </ClInclude>
    <ClInclude Include="Utility\mem_stream_node.hpp">
      <Filter>Utility\mem</Filter>
    </ClInclude>
    <ClInclude Include="Utility\mem_swap_buffer.hpp">
      <Filter>Utility\mem</Filter>
    </ClInclude>
    <ClInclude Include="Utility\msg_channel.hpp">
      <Filter>Utility\msg</Filter>
    </ClInclude>
    <ClInclude Include="Utility\msg_controler.hpp">
      <Filter>Utility\msg</Filter>
    </ClInclude>
    <ClInclude Include="Utility\msg_defines.hpp">
      <Filter>Utility\msg</Filter>
    </ClInclude>
    <ClInclude Include="Utility\msg_dispatcher.hpp">
      <Filter>Utility\msg</Filter>
    </ClInclude>
    <ClInclude Include="Utility\msg_handler_manager_deque.hpp">
      <Filter>Utility\msg</Filter>
    </ClInclude>
    <ClInclude Include="Utility\msg_handler_manager_map.hpp">
      <Filter>Utility\msg</Filter>
    </ClInclude>
    <ClInclude Include="Utility\msg_message.hpp">
      <Filter>Utility\msg</Filter>
    </ClInclude>
    <ClInclude Include="Utility\msg_object.hpp">
      <Filter>Utility\msg</Filter>
    </ClInclude>
    <ClInclude Include="Utility\msg_pares_len.hpp">
      <Filter>Utility\msg</Filter>
    </ClInclude>
    <ClInclude Include="Utility\msg_pares_zero.hpp">
      <Filter>Utility\msg</Filter>
    </ClInclude>
    <ClInclude Include="Utility\msg_session.hpp">
      <Filter>Utility\msg</Filter>
    </ClInclude>
    <ClInclude Include="Utility\net_defines.hpp">
      <Filter>Utility\net</Filter>
    </ClInclude>
    <ClInclude Include="Utility\net_framework.hpp">
      <Filter>Utility\net</Filter>
    </ClInclude>
    <ClInclude Include="Utility\net_io_service.hpp">
      <Filter>Utility\net</Filter>
    </ClInclude>
    <ClInclude Include="Utility\net_io_service_epoll.hpp">
      <Filter>Utility\net</Filter>
    </ClInclude>
    <ClInclude Include="Utility\net_io_service_iocp.hpp">
      <Filter>Utility\net</Filter>
    </ClInclude>
    <ClInclude Include="Utility\net_requester.hpp">
      <Filter>Utility\net</Filter>
    </ClInclude>
    <ClInclude Include="Utility\net_responder.hpp">
      <Filter>Utility\net</Filter>
    </ClInclude>
    <ClInclude Include="Utility\net_session.hpp">
      <Filter>Utility\net</Filter>
    </ClInclude>
    <ClInclude Include="Utility\net_socket.hpp">
      <Filter>Utility\net</Filter>
    </ClInclude>
  </ItemGroup>
  <ItemGroup>
    <None Include="Utility\mem_data_factory.inl">
      <Filter>Utility\mem</Filter>
    </None>
    <None Include="Utility\mem_rotative_buffer.inl">
      <Filter>Utility\mem</Filter>
    </None>
    <None Include="Utility\mem_stream_buffer.inl">
      <Filter>Utility\mem</Filter>
    </None>
    <None Include="Utility\net_requester.inl">
      <Filter>Utility\net</Filter>
    </None>
    <None Include="Utility\net_responder.inl">
      <Filter>Utility\net</Filter>
    </None>
    <None Include="Utility\net_session.inl">
      <Filter>Utility\net</Filter>
    </None>
  </ItemGroup>
  <ItemGroup>
    <ClCompile Include="logger.cpp">
      <Filter>Utility</Filter>
    </ClCompile>
    <ClCompile Include="application.cpp">
      <Filter>Utility\main</Filter>
    </ClCompile>
    <ClCompile Include="com_md5.cpp">
      <Filter>Utility\com</Filter>
    </ClCompile>
    <ClCompile Include="msg_channel.cpp">
      <Filter>Utility\msg</Filter>
    </ClCompile>
    <ClCompile Include="msg_controler.cpp">
      <Filter>Utility\msg</Filter>
    </ClCompile>
    <ClCompile Include="msg_dispatcher.cpp">
      <Filter>Utility\msg</Filter>
    </ClCompile>
    <ClCompile Include="net_framework.cpp">
      <Filter>Utility\net</Filter>
    </ClCompile>
    <ClCompile Include="net_io_service.cpp">
      <Filter>Utility\net</Filter>
    </ClCompile>
    <ClCompile Include="net_io_service_epoll.cpp">
      <Filter>Utility\net</Filter>
    </ClCompile>
    <ClCompile Include="net_io_service_iocp.cpp">
      <Filter>Utility\net</Filter>
    </ClCompile>
    <ClCompile Include="net_session.cpp">
      <Filter>Utility\net</Filter>
    </ClCompile>
    <ClCompile Include="net_socket.cpp">
      <Filter>Utility\net</Filter>
    </ClCompile>
  </ItemGroup>
</Project>